{
  "name": "ethspace",
  "version": "1.0.0",
  "lockfileVersion": 1,
  "requires": true,
  "dependencies": {
    "jquery": {
      "version": "3.5.1",
      "resolved": "https://registry.npmjs.org/jquery/-/jquery-3.5.1.tgz",
      "integrity": "sha512-XwIBPqcMn57FxfT+Go5pzySnm4KWkT1Tv7gjrpT1srtf8Weynl6R273VJ5GjkRb51IzMp5nbaPjJXMWeju2MKg=="
    },
    "natives": {
      "version": "1.1.6",
      "resolved": "https://registry.npmjs.org/natives/-/natives-1.1.6.tgz",
      "integrity": "sha512-6+TDFewD4yxY14ptjKaS63GVdtKiES1pTPyxn9Jb0rBqPMZ7VcCiooEhPNsr+mqHtMGxa/5c/HhcC4uPEUw/nA=="
    },
    "vis-network": {
      "version": "9.0.2",
      "resolved": "https://registry.npmjs.org/vis-network/-/vis-network-9.0.2.tgz",
      "integrity": "sha512-0UFs81YsGcHSzZG5d3AsDQDvREF0h0/mAqzRDV+62jq0Tj5fpJzB+xvcbRuZfQIfrYN7DqNsHXvNOthAuCAlrg=="
    }
  }
}
